{
  "version": 4,
  "terraform_version": "1.7.5",
  "serial": 33,
  "lineage": "671b2d76-1ab4-c790-e1e5-15a2093d261d",
  "outputs": {},
  "resources": [
    {
      "module": "module.functions",
      "mode": "data",
      "type": "azurerm_storage_account_blob_container_sas",
      "name": "storage_account_blob_container_sas_for_registration",
      "provider": "provider[\"registry.terraform.io/hashicorp/azurerm\"]",
      "instances": [
        {
          "schema_version": 0,
          "attributes": {
            "cache_control": null,
            "connection_string": "DefaultEndpointsProtocol=https;AccountName=mltrstoragesxpqnwzq7p;AccountKey=Hxrjg9vrTH3u0lZ5sT/EUNKoyHJAKWw8nSxvoFhY1zrn+XlME+NOVM01tFHh1N/5C8DPlqpNznux+ASt2McmqQ==;EndpointSuffix=core.windows.net",
            "container_name": "mltr-code-functions-container",
            "content_disposition": null,
            "content_encoding": null,
            "content_language": null,
            "content_type": null,
            "expiry": "2024-04-25T07:04:49Z",
            "https_only": true,
            "id": "132a9406fc52b5193c293dad3d18f7a62bd2949068b48db8f81c50c8270190a1",
            "ip_address": null,
            "permissions": [
              {
                "add": false,
                "create": false,
                "delete": false,
                "list": true,
                "read": true,
                "write": false
              }
            ],
            "sas": "?sv=2018-11-09\u0026sr=c\u0026st=2024-04-25T06:44:49Z\u0026se=2024-04-25T07:04:49Z\u0026sp=rl\u0026spr=https\u0026sig=5U9%2FxzcZIz9dkjNzO4mt7K571ytssWgNAtp3KkpxiXQ%3D",
            "start": "2024-04-25T06:44:49Z",
            "timeouts": null
          },
          "sensitive_attributes": [
            [
              {
                "type": "get_attr",
                "value": "connection_string"
              }
            ]
          ]
        }
      ]
    },
    {
      "module": "module.functions",
      "mode": "data",
      "type": "azurerm_storage_account_blob_container_sas",
      "name": "storage_account_blob_container_sas_for_sanity_check",
      "provider": "provider[\"registry.terraform.io/hashicorp/azurerm\"]",
      "instances": [
        {
          "schema_version": 0,
          "attributes": {
            "cache_control": null,
            "connection_string": "DefaultEndpointsProtocol=https;AccountName=mltrstoragesxpqnwzq7p;AccountKey=Hxrjg9vrTH3u0lZ5sT/EUNKoyHJAKWw8nSxvoFhY1zrn+XlME+NOVM01tFHh1N/5C8DPlqpNznux+ASt2McmqQ==;EndpointSuffix=core.windows.net",
            "container_name": "mltr-code-functions-container",
            "content_disposition": null,
            "content_encoding": null,
            "content_language": null,
            "content_type": null,
            "expiry": "2024-04-25T07:04:49Z",
            "https_only": true,
            "id": "132a9406fc52b5193c293dad3d18f7a62bd2949068b48db8f81c50c8270190a1",
            "ip_address": null,
            "permissions": [
              {
                "add": false,
                "create": false,
                "delete": false,
                "list": true,
                "read": true,
                "write": false
              }
            ],
            "sas": "?sv=2018-11-09\u0026sr=c\u0026st=2024-04-25T06:44:49Z\u0026se=2024-04-25T07:04:49Z\u0026sp=rl\u0026spr=https\u0026sig=5U9%2FxzcZIz9dkjNzO4mt7K571ytssWgNAtp3KkpxiXQ%3D",
            "start": "2024-04-25T06:44:49Z",
            "timeouts": null
          },
          "sensitive_attributes": [
            [
              {
                "type": "get_attr",
                "value": "connection_string"
              }
            ]
          ]
        }
      ]
    },
    {
      "module": "module.functions",
      "mode": "managed",
      "type": "azurerm_linux_function_app",
      "name": "mltr_code_registration_function_app",
      "provider": "provider[\"registry.terraform.io/hashicorp/azurerm\"]",
      "instances": [
        {
          "schema_version": 1,
          "attributes": {
            "app_settings": null,
            "auth_settings": [],
            "auth_settings_v2": [],
            "backup": [],
            "builtin_logging_enabled": true,
            "client_certificate_enabled": false,
            "client_certificate_exclusion_paths": "",
            "client_certificate_mode": "Optional",
            "connection_string": [],
            "content_share_force_disabled": false,
            "custom_domain_verification_id": "00B15F5D793EB19FC65415ED95030824E5A05A5009684EB0C8862267561029B1",
            "daily_memory_time_quota": 0,
            "default_hostname": "mltr-code-registration-function-app.azurewebsites.net",
            "enabled": true,
            "ftp_publish_basic_authentication_enabled": true,
            "functions_extension_version": "~4",
            "hosting_environment_id": "",
            "https_only": false,
            "id": "/subscriptions/6bbf2436-dd82-400e-8476-a022f1f9eacc/resourceGroups/mltr-resources/providers/Microsoft.Web/sites/mltr-code-registration-function-app",
            "identity": [],
            "key_vault_reference_identity_id": "SystemAssigned",
            "kind": "functionapp,linux",
            "location": "germanywestcentral",
            "name": "mltr-code-registration-function-app",
            "outbound_ip_address_list": [
              "51.116.128.150",
              "51.116.132.138",
              "51.116.132.172",
              "51.116.132.180",
              "51.116.132.200",
              "51.116.132.205",
              "51.116.145.32"
            ],
            "outbound_ip_addresses": "51.116.128.150,51.116.132.138,51.116.132.172,51.116.132.180,51.116.132.200,51.116.132.205,51.116.145.32",
            "possible_outbound_ip_address_list": [
              "51.116.128.150",
              "51.116.132.138",
              "51.116.132.172",
              "51.116.132.180",
              "51.116.132.200",
              "51.116.132.205",
              "51.116.132.231",
              "51.116.132.237",
              "51.116.132.196",
              "51.116.132.197",
              "51.116.132.238",
              "51.116.132.239",
              "20.79.85.218",
              "20.79.86.155",
              "20.79.86.192",
              "20.79.86.245",
              "20.79.86.254",
              "20.79.87.28",
              "51.116.145.32"
            ],
            "possible_outbound_ip_addresses": "51.116.128.150,51.116.132.138,51.116.132.172,51.116.132.180,51.116.132.200,51.116.132.205,51.116.132.231,51.116.132.237,51.116.132.196,51.116.132.197,51.116.132.238,51.116.132.239,20.79.85.218,20.79.86.155,20.79.86.192,20.79.86.245,20.79.86.254,20.79.87.28,51.116.145.32",
            "public_network_access_enabled": true,
            "resource_group_name": "mltr-resources",
            "service_plan_id": "/subscriptions/6bbf2436-dd82-400e-8476-a022f1f9eacc/resourceGroups/mltr-resources/providers/Microsoft.Web/serverFarms/mltr-code-functions-svc-plan",
            "site_config": [
              {
                "always_on": false,
                "api_definition_url": "",
                "api_management_api_id": "",
                "app_command_line": "",
                "app_scale_limit": 200,
                "app_service_logs": [],
                "application_insights_connection_string": "InstrumentationKey=dce07f5a-4a29-45d5-b7a8-f1f9beea743c;IngestionEndpoint=https://germanywestcentral-1.in.applicationinsights.azure.com/;LiveEndpoint=https://germanywestcentral.livediagnostics.monitor.azure.com/;ApplicationId=b77aaa5f-8f87-48a2-b57f-85bb31b90a74",
                "application_insights_key": "",
                "application_stack": [
                  {
                    "docker": [],
                    "dotnet_version": "8.0",
                    "java_version": "",
                    "node_version": "",
                    "powershell_core_version": "",
                    "python_version": "",
                    "use_custom_runtime": false,
                    "use_dotnet_isolated_runtime": true
                  }
                ],
                "container_registry_managed_identity_client_id": "",
                "container_registry_use_managed_identity": false,
                "cors": [
                  {
                    "allowed_origins": [
                      "*"
                    ],
                    "support_credentials": false
                  }
                ],
                "default_documents": [
                  "Default.htm",
                  "Default.html",
                  "Default.asp",
                  "index.htm",
                  "index.html",
                  "iisstart.htm",
                  "default.aspx",
                  "index.php"
                ],
                "detailed_error_logging_enabled": false,
                "elastic_instance_minimum": 0,
                "ftps_state": "Disabled",
                "health_check_eviction_time_in_min": 0,
                "health_check_path": "",
                "http2_enabled": false,
                "ip_restriction": [],
                "ip_restriction_default_action": "Allow",
                "linux_fx_version": "DOTNET-ISOLATED|8.0",
                "load_balancing_mode": "LeastRequests",
                "managed_pipeline_mode": "Integrated",
                "minimum_tls_version": "1.2",
                "pre_warmed_instance_count": 0,
                "remote_debugging_enabled": false,
                "remote_debugging_version": "",
                "runtime_scale_monitoring_enabled": false,
                "scm_ip_restriction": [],
                "scm_ip_restriction_default_action": "Allow",
                "scm_minimum_tls_version": "1.2",
                "scm_type": "None",
                "scm_use_main_ip_restriction": false,
                "use_32_bit_worker": false,
                "vnet_route_all_enabled": false,
                "websockets_enabled": false,
                "worker_count": 1
              }
            ],
            "site_credential": [
              {
                "name": "$mltr-code-registration-function-app",
                "password": "njxNopY3sKEA4NBeoXyk5asoxXtZtlbtQ7AycHZXoePKJdmNRv8vKlBuJ6Yq"
              }
            ],
            "sticky_settings": [],
            "storage_account": [],
            "storage_account_access_key": "Hxrjg9vrTH3u0lZ5sT/EUNKoyHJAKWw8nSxvoFhY1zrn+XlME+NOVM01tFHh1N/5C8DPlqpNznux+ASt2McmqQ==",
            "storage_account_name": "mltrstoragesxpqnwzq7p",
            "storage_key_vault_secret_id": "",
            "storage_uses_managed_identity": false,
            "tags": {
              "environment": "local"
            },
            "timeouts": null,
            "virtual_network_subnet_id": "",
            "webdeploy_publish_basic_authentication_enabled": true,
            "zip_deploy_file": ""
          },
          "sensitive_attributes": [
            [
              {
                "type": "get_attr",
                "value": "site_config"
              },
              {
                "type": "index",
                "value": {
                  "value": 0,
                  "type": "number"
                }
              },
              {
                "type": "get_attr",
                "value": "application_insights_connection_string"
              }
            ],
            [
              {
                "type": "get_attr",
                "value": "storage_account_access_key"
              }
            ]
          ],
          "private": "eyJlMmJmYjczMC1lY2FhLTExZTYtOGY4OC0zNDM2M2JjN2M0YzAiOnsiY3JlYXRlIjoxODAwMDAwMDAwMDAwLCJkZWxldGUiOjE4MDAwMDAwMDAwMDAsInJlYWQiOjMwMDAwMDAwMDAwMCwidXBkYXRlIjoxODAwMDAwMDAwMDAwfSwic2NoZW1hX3ZlcnNpb24iOiIxIn0=",
          "dependencies": [
            "module.functions.azurerm_service_plan.mltr_code_based_functions_svc_plan",
            "module.shared_components.azurerm_application_insights.mltr_ai",
            "module.shared_components.azurerm_log_analytics_workspace.mltr_ai_workspace",
            "module.shared_components.azurerm_resource_group.mltr_rg",
            "module.shared_components.azurerm_storage_account.mltr_storage",
            "module.shared_components.random_string.random_storage_account_suffix"
          ]
        }
      ]
    },
    {
      "module": "module.functions",
      "mode": "managed",
      "type": "azurerm_linux_function_app",
      "name": "mltr_code_sanity_check_function_app",
      "provider": "provider[\"registry.terraform.io/hashicorp/azurerm\"]",
      "instances": [
        {
          "schema_version": 1,
          "attributes": {
            "app_settings": null,
            "auth_settings": [],
            "auth_settings_v2": [],
            "backup": [],
            "builtin_logging_enabled": true,
            "client_certificate_enabled": false,
            "client_certificate_exclusion_paths": "",
            "client_certificate_mode": "Optional",
            "connection_string": [],
            "content_share_force_disabled": false,
            "custom_domain_verification_id": "00B15F5D793EB19FC65415ED95030824E5A05A5009684EB0C8862267561029B1",
            "daily_memory_time_quota": 0,
            "default_hostname": "mltr-code-sanity-check-function-app.azurewebsites.net",
            "enabled": true,
            "ftp_publish_basic_authentication_enabled": true,
            "functions_extension_version": "~4",
            "hosting_environment_id": "",
            "https_only": false,
            "id": "/subscriptions/6bbf2436-dd82-400e-8476-a022f1f9eacc/resourceGroups/mltr-resources/providers/Microsoft.Web/sites/mltr-code-sanity-check-function-app",
            "identity": [],
            "key_vault_reference_identity_id": "SystemAssigned",
            "kind": "functionapp,linux",
            "location": "germanywestcentral",
            "name": "mltr-code-sanity-check-function-app",
            "outbound_ip_address_list": [
              "51.116.128.150",
              "51.116.132.138",
              "51.116.132.172",
              "51.116.132.180",
              "51.116.132.200",
              "51.116.132.205",
              "51.116.145.32"
            ],
            "outbound_ip_addresses": "51.116.128.150,51.116.132.138,51.116.132.172,51.116.132.180,51.116.132.200,51.116.132.205,51.116.145.32",
            "possible_outbound_ip_address_list": [
              "51.116.128.150",
              "51.116.132.138",
              "51.116.132.172",
              "51.116.132.180",
              "51.116.132.200",
              "51.116.132.205",
              "51.116.132.231",
              "51.116.132.237",
              "51.116.132.196",
              "51.116.132.197",
              "51.116.132.238",
              "51.116.132.239",
              "20.79.85.218",
              "20.79.86.155",
              "20.79.86.192",
              "20.79.86.245",
              "20.79.86.254",
              "20.79.87.28",
              "51.116.145.32"
            ],
            "possible_outbound_ip_addresses": "51.116.128.150,51.116.132.138,51.116.132.172,51.116.132.180,51.116.132.200,51.116.132.205,51.116.132.231,51.116.132.237,51.116.132.196,51.116.132.197,51.116.132.238,51.116.132.239,20.79.85.218,20.79.86.155,20.79.86.192,20.79.86.245,20.79.86.254,20.79.87.28,51.116.145.32",
            "public_network_access_enabled": true,
            "resource_group_name": "mltr-resources",
            "service_plan_id": "/subscriptions/6bbf2436-dd82-400e-8476-a022f1f9eacc/resourceGroups/mltr-resources/providers/Microsoft.Web/serverFarms/mltr-code-functions-svc-plan",
            "site_config": [
              {
                "always_on": false,
                "api_definition_url": "",
                "api_management_api_id": "",
                "app_command_line": "",
                "app_scale_limit": 200,
                "app_service_logs": [],
                "application_insights_connection_string": "InstrumentationKey=dce07f5a-4a29-45d5-b7a8-f1f9beea743c;IngestionEndpoint=https://germanywestcentral-1.in.applicationinsights.azure.com/;LiveEndpoint=https://germanywestcentral.livediagnostics.monitor.azure.com/;ApplicationId=b77aaa5f-8f87-48a2-b57f-85bb31b90a74",
                "application_insights_key": "",
                "application_stack": [
                  {
                    "docker": [],
                    "dotnet_version": "8.0",
                    "java_version": "",
                    "node_version": "",
                    "powershell_core_version": "",
                    "python_version": "",
                    "use_custom_runtime": false,
                    "use_dotnet_isolated_runtime": true
                  }
                ],
                "container_registry_managed_identity_client_id": "",
                "container_registry_use_managed_identity": false,
                "cors": [
                  {
                    "allowed_origins": [
                      "*"
                    ],
                    "support_credentials": false
                  }
                ],
                "default_documents": [
                  "Default.htm",
                  "Default.html",
                  "Default.asp",
                  "index.htm",
                  "index.html",
                  "iisstart.htm",
                  "default.aspx",
                  "index.php"
                ],
                "detailed_error_logging_enabled": false,
                "elastic_instance_minimum": 0,
                "ftps_state": "Disabled",
                "health_check_eviction_time_in_min": 0,
                "health_check_path": "",
                "http2_enabled": false,
                "ip_restriction": [],
                "ip_restriction_default_action": "Allow",
                "linux_fx_version": "DOTNET-ISOLATED|8.0",
                "load_balancing_mode": "LeastRequests",
                "managed_pipeline_mode": "Integrated",
                "minimum_tls_version": "1.2",
                "pre_warmed_instance_count": 0,
                "remote_debugging_enabled": false,
                "remote_debugging_version": "",
                "runtime_scale_monitoring_enabled": false,
                "scm_ip_restriction": [],
                "scm_ip_restriction_default_action": "Allow",
                "scm_minimum_tls_version": "1.2",
                "scm_type": "None",
                "scm_use_main_ip_restriction": false,
                "use_32_bit_worker": false,
                "vnet_route_all_enabled": false,
                "websockets_enabled": false,
                "worker_count": 1
              }
            ],
            "site_credential": [
              {
                "name": "$mltr-code-sanity-check-function-app",
                "password": "fAf0nFzbj9E1Wj6umjgqTG3RZ7s8aEt2JAmvk5L2xkaM4nauXXfw11wvaz61"
              }
            ],
            "sticky_settings": [],
            "storage_account": [],
            "storage_account_access_key": "Hxrjg9vrTH3u0lZ5sT/EUNKoyHJAKWw8nSxvoFhY1zrn+XlME+NOVM01tFHh1N/5C8DPlqpNznux+ASt2McmqQ==",
            "storage_account_name": "mltrstoragesxpqnwzq7p",
            "storage_key_vault_secret_id": "",
            "storage_uses_managed_identity": false,
            "tags": {
              "environment": "local"
            },
            "timeouts": null,
            "virtual_network_subnet_id": "",
            "webdeploy_publish_basic_authentication_enabled": true,
            "zip_deploy_file": ""
          },
          "sensitive_attributes": [
            [
              {
                "type": "get_attr",
                "value": "site_config"
              },
              {
                "type": "index",
                "value": {
                  "value": 0,
                  "type": "number"
                }
              },
              {
                "type": "get_attr",
                "value": "application_insights_connection_string"
              }
            ],
            [
              {
                "type": "get_attr",
                "value": "storage_account_access_key"
              }
            ]
          ],
          "private": "eyJlMmJmYjczMC1lY2FhLTExZTYtOGY4OC0zNDM2M2JjN2M0YzAiOnsiY3JlYXRlIjoxODAwMDAwMDAwMDAwLCJkZWxldGUiOjE4MDAwMDAwMDAwMDAsInJlYWQiOjMwMDAwMDAwMDAwMCwidXBkYXRlIjoxODAwMDAwMDAwMDAwfSwic2NoZW1hX3ZlcnNpb24iOiIxIn0=",
          "dependencies": [
            "module.functions.azurerm_service_plan.mltr_code_based_functions_svc_plan",
            "module.shared_components.azurerm_application_insights.mltr_ai",
            "module.shared_components.azurerm_log_analytics_workspace.mltr_ai_workspace",
            "module.shared_components.azurerm_resource_group.mltr_rg",
            "module.shared_components.azurerm_storage_account.mltr_storage",
            "module.shared_components.random_string.random_storage_account_suffix"
          ]
        }
      ]
    },
    {
      "module": "module.functions",
      "mode": "managed",
      "type": "azurerm_service_plan",
      "name": "mltr_code_based_functions_svc_plan",
      "provider": "provider[\"registry.terraform.io/hashicorp/azurerm\"]",
      "instances": [
        {
          "schema_version": 1,
          "attributes": {
            "app_service_environment_id": "",
            "id": "/subscriptions/6bbf2436-dd82-400e-8476-a022f1f9eacc/resourceGroups/mltr-resources/providers/Microsoft.Web/serverFarms/mltr-code-functions-svc-plan",
            "kind": "functionapp",
            "location": "germanywestcentral",
            "maximum_elastic_worker_count": 1,
            "name": "mltr-code-functions-svc-plan",
            "os_type": "Linux",
            "per_site_scaling_enabled": false,
            "reserved": true,
            "resource_group_name": "mltr-resources",
            "sku_name": "Y1",
            "tags": {
              "environment": "local"
            },
            "timeouts": null,
            "worker_count": 0,
            "zone_balancing_enabled": false
          },
          "sensitive_attributes": [],
          "private": "eyJlMmJmYjczMC1lY2FhLTExZTYtOGY4OC0zNDM2M2JjN2M0YzAiOnsiY3JlYXRlIjozNjAwMDAwMDAwMDAwLCJkZWxldGUiOjM2MDAwMDAwMDAwMDAsInJlYWQiOjMwMDAwMDAwMDAwMCwidXBkYXRlIjozNjAwMDAwMDAwMDAwfSwic2NoZW1hX3ZlcnNpb24iOiIxIn0=",
          "dependencies": [
            "module.shared_components.azurerm_resource_group.mltr_rg"
          ]
        }
      ]
    },
    {
      "module": "module.functions",
      "mode": "managed",
      "type": "azurerm_storage_container",
      "name": "mltr_code_based_functions_container",
      "provider": "provider[\"registry.terraform.io/hashicorp/azurerm\"]",
      "instances": [
        {
          "schema_version": 1,
          "attributes": {
            "container_access_type": "private",
            "has_immutability_policy": false,
            "has_legal_hold": false,
            "id": "https://mltrstoragesxpqnwzq7p.blob.core.windows.net/mltr-code-functions-container",
            "metadata": {},
            "name": "mltr-code-functions-container",
            "resource_manager_id": "/subscriptions/6bbf2436-dd82-400e-8476-a022f1f9eacc/resourceGroups/mltr-resources/providers/Microsoft.Storage/storageAccounts/mltrstoragesxpqnwzq7p/blobServices/default/containers/mltr-code-functions-container",
            "storage_account_name": "mltrstoragesxpqnwzq7p",
            "timeouts": null
          },
          "sensitive_attributes": [],
          "private": "eyJlMmJmYjczMC1lY2FhLTExZTYtOGY4OC0zNDM2M2JjN2M0YzAiOnsiY3JlYXRlIjoxODAwMDAwMDAwMDAwLCJkZWxldGUiOjE4MDAwMDAwMDAwMDAsInJlYWQiOjMwMDAwMDAwMDAwMCwidXBkYXRlIjoxODAwMDAwMDAwMDAwfSwic2NoZW1hX3ZlcnNpb24iOiIxIn0=",
          "dependencies": [
            "module.shared_components.azurerm_resource_group.mltr_rg",
            "module.shared_components.azurerm_storage_account.mltr_storage",
            "module.shared_components.random_string.random_storage_account_suffix"
          ]
        }
      ]
    },
    {
      "module": "module.shared_components",
      "mode": "managed",
      "type": "azurerm_application_insights",
      "name": "mltr_ai",
      "provider": "provider[\"registry.terraform.io/hashicorp/azurerm\"]",
      "instances": [
        {
          "schema_version": 1,
          "attributes": {
            "app_id": "b77aaa5f-8f87-48a2-b57f-85bb31b90a74",
            "application_type": "web",
            "connection_string": "InstrumentationKey=dce07f5a-4a29-45d5-b7a8-f1f9beea743c;IngestionEndpoint=https://germanywestcentral-1.in.applicationinsights.azure.com/;LiveEndpoint=https://germanywestcentral.livediagnostics.monitor.azure.com/;ApplicationId=b77aaa5f-8f87-48a2-b57f-85bb31b90a74",
            "daily_data_cap_in_gb": 100,
            "daily_data_cap_notifications_disabled": false,
            "disable_ip_masking": false,
            "force_customer_storage_for_profiler": false,
            "id": "/subscriptions/6bbf2436-dd82-400e-8476-a022f1f9eacc/resourceGroups/mltr-resources/providers/Microsoft.Insights/components/mltr-appinsights",
            "instrumentation_key": "dce07f5a-4a29-45d5-b7a8-f1f9beea743c",
            "internet_ingestion_enabled": true,
            "internet_query_enabled": true,
            "local_authentication_disabled": false,
            "location": "germanywestcentral",
            "name": "mltr-appinsights",
            "resource_group_name": "mltr-resources",
            "retention_in_days": 90,
            "sampling_percentage": 100,
            "tags": {
              "environment": "local"
            },
            "timeouts": null,
            "workspace_id": "/subscriptions/6bbf2436-dd82-400e-8476-a022f1f9eacc/resourceGroups/mltr-resources/providers/Microsoft.OperationalInsights/workspaces/mltr-workspace"
          },
          "sensitive_attributes": [],
          "private": "eyJlMmJmYjczMC1lY2FhLTExZTYtOGY4OC0zNDM2M2JjN2M0YzAiOnsiY3JlYXRlIjozNjAwMDAwMDAwMDAwLCJkZWxldGUiOjE4MDAwMDAwMDAwMDAsInJlYWQiOjMwMDAwMDAwMDAwMCwidXBkYXRlIjoxODAwMDAwMDAwMDAwfSwic2NoZW1hX3ZlcnNpb24iOiIxIn0=",
          "dependencies": [
            "module.shared_components.azurerm_log_analytics_workspace.mltr_ai_workspace",
            "module.shared_components.azurerm_resource_group.mltr_rg"
          ]
        }
      ]
    },
    {
      "module": "module.shared_components",
      "mode": "managed",
      "type": "azurerm_log_analytics_workspace",
      "name": "mltr_ai_workspace",
      "provider": "provider[\"registry.terraform.io/hashicorp/azurerm\"]",
      "instances": [
        {
          "schema_version": 3,
          "attributes": {
            "allow_resource_only_permissions": true,
            "cmk_for_query_forced": false,
            "daily_quota_gb": -1,
            "data_collection_rule_id": "",
            "id": "/subscriptions/6bbf2436-dd82-400e-8476-a022f1f9eacc/resourceGroups/mltr-resources/providers/Microsoft.OperationalInsights/workspaces/mltr-workspace",
            "identity": [],
            "immediate_data_purge_on_30_days_enabled": false,
            "internet_ingestion_enabled": true,
            "internet_query_enabled": true,
            "local_authentication_disabled": false,
            "location": "germanywestcentral",
            "name": "mltr-workspace",
            "primary_shared_key": "I4zFz6YHpHx37meMncmt4q8p5PodVrpJiAw/LVDQNEPCHSIlUU1OggEJimkuQxQD79jvPGl1Js0EA/hylFtwxg==",
            "reservation_capacity_in_gb_per_day": null,
            "resource_group_name": "mltr-resources",
            "retention_in_days": 30,
            "secondary_shared_key": "mPLnbQGyQXmXsdCIeuLrmr20p9GKsMHT32MKC/+sIvSouYjbYUHCWQoeB4nPkxHU2c24xI6V1c1v2EeJz+rkag==",
            "sku": "PerGB2018",
            "tags": {
              "environment": "local"
            },
            "timeouts": null,
            "workspace_id": "133c72bb-01d7-4d39-b11a-6ef47a877ac5"
          },
          "sensitive_attributes": [],
          "private": "eyJlMmJmYjczMC1lY2FhLTExZTYtOGY4OC0zNDM2M2JjN2M0YzAiOnsiY3JlYXRlIjoxODAwMDAwMDAwMDAwLCJkZWxldGUiOjE4MDAwMDAwMDAwMDAsInJlYWQiOjMwMDAwMDAwMDAwMCwidXBkYXRlIjoxODAwMDAwMDAwMDAwfSwic2NoZW1hX3ZlcnNpb24iOiIzIn0=",
          "dependencies": [
            "module.shared_components.azurerm_resource_group.mltr_rg"
          ]
        }
      ]
    },
    {
      "module": "module.shared_components",
      "mode": "managed",
      "type": "azurerm_resource_group",
      "name": "mltr_rg",
      "provider": "provider[\"registry.terraform.io/hashicorp/azurerm\"]",
      "instances": [
        {
          "schema_version": 0,
          "attributes": {
            "id": "/subscriptions/6bbf2436-dd82-400e-8476-a022f1f9eacc/resourceGroups/mltr-resources",
            "location": "germanywestcentral",
            "managed_by": "",
            "name": "mltr-resources",
            "tags": {
              "environment": "local"
            },
            "timeouts": null
          },
          "sensitive_attributes": [],
          "private": "eyJlMmJmYjczMC1lY2FhLTExZTYtOGY4OC0zNDM2M2JjN2M0YzAiOnsiY3JlYXRlIjo1NDAwMDAwMDAwMDAwLCJkZWxldGUiOjU0MDAwMDAwMDAwMDAsInJlYWQiOjMwMDAwMDAwMDAwMCwidXBkYXRlIjo1NDAwMDAwMDAwMDAwfX0="
        }
      ]
    },
    {
      "module": "module.shared_components",
      "mode": "managed",
      "type": "azurerm_storage_account",
      "name": "mltr_storage",
      "provider": "provider[\"registry.terraform.io/hashicorp/azurerm\"]",
      "instances": [
        {
          "schema_version": 4,
          "attributes": {
            "access_tier": "Hot",
            "account_kind": "StorageV2",
            "account_replication_type": "LRS",
            "account_tier": "Standard",
            "allow_nested_items_to_be_public": true,
            "allowed_copy_scope": "",
            "azure_files_authentication": [],
            "blob_properties": [
              {
                "change_feed_enabled": false,
                "change_feed_retention_in_days": 0,
                "container_delete_retention_policy": [],
                "cors_rule": [],
                "default_service_version": "",
                "delete_retention_policy": [],
                "last_access_time_enabled": false,
                "restore_policy": [],
                "versioning_enabled": false
              }
            ],
            "cross_tenant_replication_enabled": true,
            "custom_domain": [],
            "customer_managed_key": [],
            "default_to_oauth_authentication": false,
            "dns_endpoint_type": "Standard",
            "edge_zone": "",
            "enable_https_traffic_only": true,
            "id": "/subscriptions/6bbf2436-dd82-400e-8476-a022f1f9eacc/resourceGroups/mltr-resources/providers/Microsoft.Storage/storageAccounts/mltrstoragesxpqnwzq7p",
            "identity": [],
            "immutability_policy": [],
            "infrastructure_encryption_enabled": false,
            "is_hns_enabled": false,
            "large_file_share_enabled": null,
            "local_user_enabled": true,
            "location": "germanywestcentral",
            "min_tls_version": "TLS1_2",
            "name": "mltrstoragesxpqnwzq7p",
            "network_rules": [
              {
                "bypass": [
                  "AzureServices"
                ],
                "default_action": "Allow",
                "ip_rules": [],
                "private_link_access": [],
                "virtual_network_subnet_ids": []
              }
            ],
            "nfsv3_enabled": false,
            "primary_access_key": "Hxrjg9vrTH3u0lZ5sT/EUNKoyHJAKWw8nSxvoFhY1zrn+XlME+NOVM01tFHh1N/5C8DPlqpNznux+ASt2McmqQ==",
            "primary_blob_connection_string": "DefaultEndpointsProtocol=https;BlobEndpoint=https://mltrstoragesxpqnwzq7p.blob.core.windows.net/;AccountName=mltrstoragesxpqnwzq7p;AccountKey=Hxrjg9vrTH3u0lZ5sT/EUNKoyHJAKWw8nSxvoFhY1zrn+XlME+NOVM01tFHh1N/5C8DPlqpNznux+ASt2McmqQ==",
            "primary_blob_endpoint": "https://mltrstoragesxpqnwzq7p.blob.core.windows.net/",
            "primary_blob_host": "mltrstoragesxpqnwzq7p.blob.core.windows.net",
            "primary_blob_internet_endpoint": "",
            "primary_blob_internet_host": "",
            "primary_blob_microsoft_endpoint": "",
            "primary_blob_microsoft_host": "",
            "primary_connection_string": "DefaultEndpointsProtocol=https;AccountName=mltrstoragesxpqnwzq7p;AccountKey=Hxrjg9vrTH3u0lZ5sT/EUNKoyHJAKWw8nSxvoFhY1zrn+XlME+NOVM01tFHh1N/5C8DPlqpNznux+ASt2McmqQ==;EndpointSuffix=core.windows.net",
            "primary_dfs_endpoint": "https://mltrstoragesxpqnwzq7p.dfs.core.windows.net/",
            "primary_dfs_host": "mltrstoragesxpqnwzq7p.dfs.core.windows.net",
            "primary_dfs_internet_endpoint": "",
            "primary_dfs_internet_host": "",
            "primary_dfs_microsoft_endpoint": "",
            "primary_dfs_microsoft_host": "",
            "primary_file_endpoint": "https://mltrstoragesxpqnwzq7p.file.core.windows.net/",
            "primary_file_host": "mltrstoragesxpqnwzq7p.file.core.windows.net",
            "primary_file_internet_endpoint": "",
            "primary_file_internet_host": "",
            "primary_file_microsoft_endpoint": "",
            "primary_file_microsoft_host": "",
            "primary_location": "germanywestcentral",
            "primary_queue_endpoint": "https://mltrstoragesxpqnwzq7p.queue.core.windows.net/",
            "primary_queue_host": "mltrstoragesxpqnwzq7p.queue.core.windows.net",
            "primary_queue_microsoft_endpoint": "",
            "primary_queue_microsoft_host": "",
            "primary_table_endpoint": "https://mltrstoragesxpqnwzq7p.table.core.windows.net/",
            "primary_table_host": "mltrstoragesxpqnwzq7p.table.core.windows.net",
            "primary_table_microsoft_endpoint": "",
            "primary_table_microsoft_host": "",
            "primary_web_endpoint": "https://mltrstoragesxpqnwzq7p.z1.web.core.windows.net/",
            "primary_web_host": "mltrstoragesxpqnwzq7p.z1.web.core.windows.net",
            "primary_web_internet_endpoint": "",
            "primary_web_internet_host": "",
            "primary_web_microsoft_endpoint": "",
            "primary_web_microsoft_host": "",
            "public_network_access_enabled": true,
            "queue_encryption_key_type": "Service",
            "queue_properties": [
              {
                "cors_rule": [],
                "hour_metrics": [
                  {
                    "enabled": true,
                    "include_apis": true,
                    "retention_policy_days": 7,
                    "version": "1.0"
                  }
                ],
                "logging": [
                  {
                    "delete": false,
                    "read": false,
                    "retention_policy_days": 0,
                    "version": "1.0",
                    "write": false
                  }
                ],
                "minute_metrics": [
                  {
                    "enabled": false,
                    "include_apis": false,
                    "retention_policy_days": 0,
                    "version": "1.0"
                  }
                ]
              }
            ],
            "resource_group_name": "mltr-resources",
            "routing": [],
            "sas_policy": [],
            "secondary_access_key": "5wdTQju4jOu6zSYlSj47/DpRA3Ko97gG+lo07tqCSQddMVLH6hj/4pNSHFM8gVjblWavfGZsibKL+ASttoa4BQ==",
            "secondary_blob_connection_string": "",
            "secondary_blob_endpoint": null,
            "secondary_blob_host": null,
            "secondary_blob_internet_endpoint": null,
            "secondary_blob_internet_host": null,
            "secondary_blob_microsoft_endpoint": null,
            "secondary_blob_microsoft_host": null,
            "secondary_connection_string": "DefaultEndpointsProtocol=https;AccountName=mltrstoragesxpqnwzq7p;AccountKey=5wdTQju4jOu6zSYlSj47/DpRA3Ko97gG+lo07tqCSQddMVLH6hj/4pNSHFM8gVjblWavfGZsibKL+ASttoa4BQ==;EndpointSuffix=core.windows.net",
            "secondary_dfs_endpoint": null,
            "secondary_dfs_host": null,
            "secondary_dfs_internet_endpoint": null,
            "secondary_dfs_internet_host": null,
            "secondary_dfs_microsoft_endpoint": null,
            "secondary_dfs_microsoft_host": null,
            "secondary_file_endpoint": null,
            "secondary_file_host": null,
            "secondary_file_internet_endpoint": null,
            "secondary_file_internet_host": null,
            "secondary_file_microsoft_endpoint": null,
            "secondary_file_microsoft_host": null,
            "secondary_location": "",
            "secondary_queue_endpoint": null,
            "secondary_queue_host": null,
            "secondary_queue_microsoft_endpoint": null,
            "secondary_queue_microsoft_host": null,
            "secondary_table_endpoint": null,
            "secondary_table_host": null,
            "secondary_table_microsoft_endpoint": null,
            "secondary_table_microsoft_host": null,
            "secondary_web_endpoint": null,
            "secondary_web_host": null,
            "secondary_web_internet_endpoint": null,
            "secondary_web_internet_host": null,
            "secondary_web_microsoft_endpoint": null,
            "secondary_web_microsoft_host": null,
            "sftp_enabled": false,
            "share_properties": [
              {
                "cors_rule": [],
                "retention_policy": [
                  {
                    "days": 7
                  }
                ],
                "smb": []
              }
            ],
            "shared_access_key_enabled": true,
            "static_website": [],
            "table_encryption_key_type": "Service",
            "tags": {
              "environment": "local"
            },
            "timeouts": null
          },
          "sensitive_attributes": [],
          "private": "eyJlMmJmYjczMC1lY2FhLTExZTYtOGY4OC0zNDM2M2JjN2M0YzAiOnsiY3JlYXRlIjozNjAwMDAwMDAwMDAwLCJkZWxldGUiOjM2MDAwMDAwMDAwMDAsInJlYWQiOjMwMDAwMDAwMDAwMCwidXBkYXRlIjozNjAwMDAwMDAwMDAwfSwic2NoZW1hX3ZlcnNpb24iOiI0In0=",
          "dependencies": [
            "module.shared_components.azurerm_resource_group.mltr_rg",
            "module.shared_components.random_string.random_storage_account_suffix"
          ]
        }
      ]
    },
    {
      "module": "module.shared_components",
      "mode": "managed",
      "type": "random_string",
      "name": "random_storage_account_suffix",
      "provider": "provider[\"registry.terraform.io/hashicorp/random\"]",
      "instances": [
        {
          "schema_version": 2,
          "attributes": {
            "id": "sxpqnwzq7p",
            "keepers": null,
            "length": 10,
            "lower": true,
            "min_lower": 0,
            "min_numeric": 0,
            "min_special": 0,
            "min_upper": 0,
            "number": true,
            "numeric": true,
            "override_special": null,
            "result": "sxpqnwzq7p",
            "special": false,
            "upper": false
          },
          "sensitive_attributes": []
        }
      ]
    }
  ],
  "check_results": null
}
